
Microsoft Visual Studio Solution File, Format Version 12.00
# Visual Studio Version 17
VisualStudioVersion = 17.8.34212.112
MinimumVisualStudioVersion = 10.0.40219.1
Project("{8BC9CEB8-8B4A-11D0-8D11-00A0C91BC942}") = "Punto3Fondo", "Punto3Fondo\Punto3Fondo.vcxproj", "{2829AE6E-45B6-49C3-A12C-60AD773242CE}"
EndProject
Global
	GlobalSection(SolutionConfigurationPlatforms) = preSolution
		Debug|x64 = Debug|x64
		Debug|x86 = Debug|x86
		Release|x64 = Release|x64
		Release|x86 = Release|x86
	EndGlobalSection
	GlobalSection(ProjectConfigurationPlatforms) = postSolution
		{2829AE6E-45B6-49C3-A12C-60AD773242CE}.Debug|x64.ActiveCfg = Debug|x64
		{2829AE6E-45B6-49C3-A12C-60AD773242CE}.Debug|x64.Build.0 = Debug|x64
		{2829AE6E-45B6-49C3-A12C-60AD773242CE}.Debug|x86.ActiveCfg = Debug|Win32
		{2829AE6E-45B6-49C3-A12C-60AD773242CE}.Debug|x86.Build.0 = Debug|Win32
		{2829AE6E-45B6-49C3-A12C-60AD773242CE}.Release|x64.ActiveCfg = Release|x64
		{2829AE6E-45B6-49C3-A12C-60AD773242CE}.Release|x64.Build.0 = Release|x64
		{2829AE6E-45B6-49C3-A12C-60AD773242CE}.Release|x86.ActiveCfg = Release|Win32
		{2829AE6E-45B6-49C3-A12C-60AD773242CE}.Release|x86.Build.0 = Release|Win32
	EndGlobalSection
	GlobalSection(SolutionProperties) = preSolution
		HideSolutionNode = FALSE
	EndGlobalSection
	GlobalSection(ExtensibilityGlobals) = postSolution
		SolutionGuid = {2E83CC2E-F5A6-4B1D-9061-39A355924A2B}
	EndGlobalSection
EndGlobal
